
Microsoft Visual Studio Solution File, Format Version 12.00
# Visual Studio Version 17
VisualStudioVersion = 17.5.33516.290
MinimumVisualStudioVersion = 10.0.40219.1
Project("{FAE04EC0-301F-11D3-BF4B-00C04F79EFBC}") = "ReactRealFun", "ReactRealFun.csproj", "{0031558E-2215-4482-BA9C-42A54C23FEAF}"
EndProject
Global
	GlobalSection(SolutionConfigurationPlatforms) = preSolution
		Debug|Any CPU = Debug|Any CPU
		Release|Any CPU = Release|Any CPU
	EndGlobalSection
	GlobalSection(ProjectConfigurationPlatforms) = postSolution
		{0031558E-2215-4482-BA9C-42A54C23FEAF}.Debug|Any CPU.ActiveCfg = Debug|Any CPU
		{0031558E-2215-4482-BA9C-42A54C23FEAF}.Debug|Any CPU.Build.0 = Debug|Any CPU
		{0031558E-2215-4482-BA9C-42A54C23FEAF}.Release|Any CPU.ActiveCfg = Release|Any CPU
		{0031558E-2215-4482-BA9C-42A54C23FEAF}.Release|Any CPU.Build.0 = Release|Any CPU
	EndGlobalSection
	GlobalSection(SolutionProperties) = preSolution
		HideSolutionNode = FALSE
	EndGlobalSection
	GlobalSection(ExtensibilityGlobals) = postSolution
		SolutionGuid = {E9065288-F17A-42BE-A541-182C074FAFFE}
	EndGlobalSection
EndGlobal
